
Microsoft Visual Studio Solution File, Format Version 12.00
# Visual Studio 15
VisualStudioVersion = 15.0.28307.421
MinimumVisualStudioVersion = 10.0.40219.1
Project("{FAE04EC0-301F-11D3-BF4B-00C04F79EFBC}") = "OnlineBakeryOrderingSystem", "OnlineBakeryOrderingSystem\OnlineBakeryOrderingSystem.csproj", "{01D12E94-8EFA-486A-8D54-BE5E2DF821DE}"
EndProject
Global
	GlobalSection(SolutionConfigurationPlatforms) = preSolution
		Debug|Any CPU = Debug|Any CPU
		Release|Any CPU = Release|Any CPU
	EndGlobalSection
	GlobalSection(ProjectConfigurationPlatforms) = postSolution
		{01D12E94-8EFA-486A-8D54-BE5E2DF821DE}.Debug|Any CPU.ActiveCfg = Debug|Any CPU
		{01D12E94-8EFA-486A-8D54-BE5E2DF821DE}.Debug|Any CPU.Build.0 = Debug|Any CPU
		{01D12E94-8EFA-486A-8D54-BE5E2DF821DE}.Release|Any CPU.ActiveCfg = Release|Any CPU
		{01D12E94-8EFA-486A-8D54-BE5E2DF821DE}.Release|Any CPU.Build.0 = Release|Any CPU
	EndGlobalSection
	GlobalSection(SolutionProperties) = preSolution
		HideSolutionNode = FALSE
	EndGlobalSection
	GlobalSection(ExtensibilityGlobals) = postSolution
		SolutionGuid = {C2545237-71FC-45C5-BDAF-74D6AAD91BC2}
	EndGlobalSection
EndGlobal
